
Microsoft Visual Studio Solution File, Format Version 12.00
# Visual Studio Version 16
VisualStudioVersion = 16.0.33801.447
MinimumVisualStudioVersion = 10.0.40219.1
Project("{FAE04EC0-301F-11D3-BF4B-00C04F79EFBC}") = "16.projeTriggerKullanarakVeriTabanıYedekTablosuOlusturma", "16.projeTriggerKullanarakVeriTabanıYedekTablosuOlusturma\16.projeTriggerKullanarakVeriTabanıYedekTablosuOlusturma.csproj", "{88ED064E-C948-41ED-9CB9-8752F3E4FF91}"
EndProject
Global
	GlobalSection(SolutionConfigurationPlatforms) = preSolution
		Debug|Any CPU = Debug|Any CPU
		Release|Any CPU = Release|Any CPU
	EndGlobalSection
	GlobalSection(ProjectConfigurationPlatforms) = postSolution
		{88ED064E-C948-41ED-9CB9-8752F3E4FF91}.Debug|Any CPU.ActiveCfg = Debug|Any CPU
		{88ED064E-C948-41ED-9CB9-8752F3E4FF91}.Debug|Any CPU.Build.0 = Debug|Any CPU
		{88ED064E-C948-41ED-9CB9-8752F3E4FF91}.Release|Any CPU.ActiveCfg = Release|Any CPU
		{88ED064E-C948-41ED-9CB9-8752F3E4FF91}.Release|Any CPU.Build.0 = Release|Any CPU
	EndGlobalSection
	GlobalSection(SolutionProperties) = preSolution
		HideSolutionNode = FALSE
	EndGlobalSection
	GlobalSection(ExtensibilityGlobals) = postSolution
		SolutionGuid = {B14765D3-7A0D-4586-AC25-FF378BD2D2EE}
	EndGlobalSection
EndGlobal
